
Microsoft Visual Studio Solution File, Format Version 12.00
# Visual Studio 15
VisualStudioVersion = 15.0.27004.2009
MinimumVisualStudioVersion = 10.0.40219.1
Project("{FAE04EC0-301F-11D3-BF4B-00C04F79EFBC}") = "FixedRateCashflowCalculator", "FixedRateCashflowCalculator\FixedRateCashflowCalculator.csproj", "{61DBEFFA-5E99-4060-8019-3C10C341C120}"
EndProject
Project("{2150E333-8FDC-42A3-9474-1A3956D46DE8}") = "Solution Items", "Solution Items", "{9699A48F-5599-4579-93E9-19B40DF1F0A5}"
	ProjectSection(SolutionItems) = preProject
		ReadMe.md = ReadMe.md
	EndProjectSection
EndProject
Global
	GlobalSection(SolutionConfigurationPlatforms) = preSolution
		Debug|Any CPU = Debug|Any CPU
		Release|Any CPU = Release|Any CPU
	EndGlobalSection
	GlobalSection(ProjectConfigurationPlatforms) = postSolution
		{61DBEFFA-5E99-4060-8019-3C10C341C120}.Debug|Any CPU.ActiveCfg = Debug|Any CPU
		{61DBEFFA-5E99-4060-8019-3C10C341C120}.Debug|Any CPU.Build.0 = Debug|Any CPU
		{61DBEFFA-5E99-4060-8019-3C10C341C120}.Release|Any CPU.ActiveCfg = Release|Any CPU
		{61DBEFFA-5E99-4060-8019-3C10C341C120}.Release|Any CPU.Build.0 = Release|Any CPU
	EndGlobalSection
	GlobalSection(SolutionProperties) = preSolution
		HideSolutionNode = FALSE
	EndGlobalSection
	GlobalSection(ExtensibilityGlobals) = postSolution
		SolutionGuid = {B0E00CAF-7337-458B-A399-C0285D47E769}
	EndGlobalSection
EndGlobal
