
Microsoft Visual Studio Solution File, Format Version 12.00
# Visual Studio 15
VisualStudioVersion = 15.0.27004.2009
MinimumVisualStudioVersion = 10.0.40219.1
Project("{FAE04EC0-301F-11D3-BF4B-00C04F79EFBC}") = "FixedRateCashflowCalculator", "FixedRateCashflowCalculator\FixedRateCashflowCalculator.csproj", "{61DBEFFA-5E99-4060-8019-3C10C341C120}"
EndProject
Project("{2150E333-8FDC-42A3-9474-1A3956D46DE8}") = "Solution Items", "Solution Items", "{9699A48F-5599-4579-93E9-19B40DF1F0A5}"
	ProjectSection(SolutionItems) = preProject
		ReadMe.md = ReadMe.md
	EndProjectSection
EndProject
Project("{FAE04EC0-301F-11D3-BF4B-00C04F79EFBC}") = "FixedRateCashflowCalculator.Models", "FixedRateCashflowCalculator.Models\FixedRateCashflowCalculator.Models.csproj", "{F3A5238A-1613-4A0B-8A30-A3FD0A4164DE}"
EndProject
Project("{FAE04EC0-301F-11D3-BF4B-00C04F79EFBC}") = "FixedRateCashflowCalculator.ConsoleApp", "FixedRateCashflowCalculator.ConsoleApp\FixedRateCashflowCalculator.ConsoleApp.csproj", "{525D0E4E-7561-4363-9EAD-6D1DC2BF5D82}"
EndProject
Project("{FAE04EC0-301F-11D3-BF4B-00C04F79EFBC}") = "FixedRateCashflowCalculator.DAL", "FixedRateCashflowCalculator.DAL\FixedRateCashflowCalculator.DAL.csproj", "{5D157B95-CEE1-40E6-A267-265589B57DAD}"
EndProject
Project("{FAE04EC0-301F-11D3-BF4B-00C04F79EFBC}") = "FixedRateCashflowCalculator.API", "FixedRateCashflowCalculator.API\FixedRateCashflowCalculator.API.csproj", "{77C606C2-59F9-44BD-BFE0-BFA3684B97A3}"
EndProject
Project("{FAE04EC0-301F-11D3-BF4B-00C04F79EFBC}") = "FixedRateCashflowCalculator.ApiTests", "FixedRateCashflowCalculator.ApiTests\FixedRateCashflowCalculator.ApiTests.csproj", "{F67DE7C0-4ACA-4D63-9147-F70EA5E31317}"
EndProject
Global
	GlobalSection(SolutionConfigurationPlatforms) = preSolution
		Debug|Any CPU = Debug|Any CPU
		Release|Any CPU = Release|Any CPU
	EndGlobalSection
	GlobalSection(ProjectConfigurationPlatforms) = postSolution
		{61DBEFFA-5E99-4060-8019-3C10C341C120}.Debug|Any CPU.ActiveCfg = Debug|Any CPU
		{61DBEFFA-5E99-4060-8019-3C10C341C120}.Debug|Any CPU.Build.0 = Debug|Any CPU
		{61DBEFFA-5E99-4060-8019-3C10C341C120}.Release|Any CPU.ActiveCfg = Release|Any CPU
		{61DBEFFA-5E99-4060-8019-3C10C341C120}.Release|Any CPU.Build.0 = Release|Any CPU
		{F3A5238A-1613-4A0B-8A30-A3FD0A4164DE}.Debug|Any CPU.ActiveCfg = Debug|Any CPU
		{F3A5238A-1613-4A0B-8A30-A3FD0A4164DE}.Debug|Any CPU.Build.0 = Debug|Any CPU
		{F3A5238A-1613-4A0B-8A30-A3FD0A4164DE}.Release|Any CPU.ActiveCfg = Release|Any CPU
		{F3A5238A-1613-4A0B-8A30-A3FD0A4164DE}.Release|Any CPU.Build.0 = Release|Any CPU
		{525D0E4E-7561-4363-9EAD-6D1DC2BF5D82}.Debug|Any CPU.ActiveCfg = Debug|Any CPU
		{525D0E4E-7561-4363-9EAD-6D1DC2BF5D82}.Debug|Any CPU.Build.0 = Debug|Any CPU
		{525D0E4E-7561-4363-9EAD-6D1DC2BF5D82}.Release|Any CPU.ActiveCfg = Release|Any CPU
		{525D0E4E-7561-4363-9EAD-6D1DC2BF5D82}.Release|Any CPU.Build.0 = Release|Any CPU
		{5D157B95-CEE1-40E6-A267-265589B57DAD}.Debug|Any CPU.ActiveCfg = Debug|Any CPU
		{5D157B95-CEE1-40E6-A267-265589B57DAD}.Debug|Any CPU.Build.0 = Debug|Any CPU
		{5D157B95-CEE1-40E6-A267-265589B57DAD}.Release|Any CPU.ActiveCfg = Release|Any CPU
		{5D157B95-CEE1-40E6-A267-265589B57DAD}.Release|Any CPU.Build.0 = Release|Any CPU
		{77C606C2-59F9-44BD-BFE0-BFA3684B97A3}.Debug|Any CPU.ActiveCfg = Debug|Any CPU
		{77C606C2-59F9-44BD-BFE0-BFA3684B97A3}.Debug|Any CPU.Build.0 = Debug|Any CPU
		{77C606C2-59F9-44BD-BFE0-BFA3684B97A3}.Release|Any CPU.ActiveCfg = Release|Any CPU
		{77C606C2-59F9-44BD-BFE0-BFA3684B97A3}.Release|Any CPU.Build.0 = Release|Any CPU
		{F67DE7C0-4ACA-4D63-9147-F70EA5E31317}.Debug|Any CPU.ActiveCfg = Debug|Any CPU
		{F67DE7C0-4ACA-4D63-9147-F70EA5E31317}.Debug|Any CPU.Build.0 = Debug|Any CPU
		{F67DE7C0-4ACA-4D63-9147-F70EA5E31317}.Release|Any CPU.ActiveCfg = Release|Any CPU
		{F67DE7C0-4ACA-4D63-9147-F70EA5E31317}.Release|Any CPU.Build.0 = Release|Any CPU
	EndGlobalSection
	GlobalSection(SolutionProperties) = preSolution
		HideSolutionNode = FALSE
	EndGlobalSection
	GlobalSection(ExtensibilityGlobals) = postSolution
		SolutionGuid = {B0E00CAF-7337-458B-A399-C0285D47E769}
	EndGlobalSection
EndGlobal
